
Microsoft Visual Studio Solution File, Format Version 12.00
# Visual Studio 15
VisualStudioVersion = 15.0.28307.136
MinimumVisualStudioVersion = 10.0.40219.1
Project("{FAE04EC0-301F-11D3-BF4B-00C04F79EFBC}") = "ProtectMyKebab", "ProtectMyKebab\ProtectMyKebab.csproj", "{E9CF7814-7C1C-44AB-A260-FE6BF5C13BE8}"
EndProject
Global
	GlobalSection(SolutionConfigurationPlatforms) = preSolution
		Debug|x86 = Debug|x86
		Release|x86 = Release|x86
	EndGlobalSection
	GlobalSection(ProjectConfigurationPlatforms) = postSolution
		{E9CF7814-7C1C-44AB-A260-FE6BF5C13BE8}.Debug|x86.ActiveCfg = Debug|x86
		{E9CF7814-7C1C-44AB-A260-FE6BF5C13BE8}.Debug|x86.Build.0 = Debug|x86
		{E9CF7814-7C1C-44AB-A260-FE6BF5C13BE8}.Release|x86.ActiveCfg = Release|x86
		{E9CF7814-7C1C-44AB-A260-FE6BF5C13BE8}.Release|x86.Build.0 = Release|x86
	EndGlobalSection
	GlobalSection(SolutionProperties) = preSolution
		HideSolutionNode = FALSE
	EndGlobalSection
	GlobalSection(ExtensibilityGlobals) = postSolution
		SolutionGuid = {901A89C2-3653-4103-8DF0-86C79496305A}
	EndGlobalSection
EndGlobal
